Microsoft Visual Studio Solution File, Format Version 11.00
# Visual Studio 2008

Project("{F8A0C733-0BAF-ED5C-403B-FA90514BB1C9}") = "NGUI005", "Assembly-CSharp.csproj", "{34FE2945-BE89-8FEA-5B2B-A173AF7574A7}"
EndProject
Project("{F8A0C733-0BAF-ED5C-403B-FA90514BB1C9}") = "NGUI005", "Assembly-CSharp-Editor.csproj", "{02E5FA12-E356-D4BB-49A5-4E90008C028C}"
EndProject
Global
	GlobalSection(SolutionConfigurationPlatforms) = preSolution
		Debug|Any CPU = Debug|Any CPU
		Release|Any CPU = Release|Any CPU
	EndGlobalSection
	GlobalSection(ProjectConfigurationPlatforms) = postSolution
		{34FE2945-BE89-8FEA-5B2B-A173AF7574A7}.Debug|Any CPU.ActiveCfg = Debug|Any CPU
		{34FE2945-BE89-8FEA-5B2B-A173AF7574A7}.Debug|Any CPU.Build.0 = Debug|Any CPU
		{34FE2945-BE89-8FEA-5B2B-A173AF7574A7}.Release|Any CPU.ActiveCfg = Release|Any CPU
		{34FE2945-BE89-8FEA-5B2B-A173AF7574A7}.Release|Any CPU.Build.0 = Release|Any CPU
		{02E5FA12-E356-D4BB-49A5-4E90008C028C}.Debug|Any CPU.ActiveCfg = Debug|Any CPU
		{02E5FA12-E356-D4BB-49A5-4E90008C028C}.Debug|Any CPU.Build.0 = Debug|Any CPU
		{02E5FA12-E356-D4BB-49A5-4E90008C028C}.Release|Any CPU.ActiveCfg = Release|Any CPU
		{02E5FA12-E356-D4BB-49A5-4E90008C028C}.Release|Any CPU.Build.0 = Release|Any CPU
	EndGlobalSection
	GlobalSection(SolutionProperties) = preSolution
		HideSolutionNode = FALSE
	EndGlobalSection
													GlobalSection(MonoDevelopProperties) = preSolution
		StartupItem = Assembly-CSharp.csproj
		Policies = $0
		$0.TextStylePolicy = $1
		$1.inheritsSet = null
		$1.scope = text/x-csharp
		$0.CSharpFormattingPolicy = $2
		$2.inheritsSet = Mono
		$2.inheritsScope = text/x-csharp
		$2.scope = text/x-csharp
		$0.TextStylePolicy = $3
		$3.FileWidth = 120
		$3.TabWidth = 4
		$3.EolMarker = Unix
		$3.inheritsSet = Mono
		$3.inheritsScope = text/plain
		$3.scope = text/plain
	EndGlobalSection

EndGlobal
