Microsoft Visual Studio Solution File, Format Version 11.00
# Visual Studio 2008

Project("{2D8312EB-8193-E0F8-FE7B-63B008E35D28}") = "CSharpDemo", "Assembly-CSharp-vs.csproj", "{3FAD4AA1-1134-407E-7263-83A37B11F3EB}"
EndProject
Global
	GlobalSection(SolutionConfigurationPlatforms) = preSolution
		Debug|Any CPU = Debug|Any CPU
		Release|Any CPU = Release|Any CPU
	EndGlobalSection
	GlobalSection(ProjectConfigurationPlatforms) = postSolution
		{3FAD4AA1-1134-407E-7263-83A37B11F3EB}.Debug|Any CPU.ActiveCfg = Debug|Any CPU
		{3FAD4AA1-1134-407E-7263-83A37B11F3EB}.Debug|Any CPU.Build.0 = Debug|Any CPU
		{3FAD4AA1-1134-407E-7263-83A37B11F3EB}.Release|Any CPU.ActiveCfg = Release|Any CPU
		{3FAD4AA1-1134-407E-7263-83A37B11F3EB}.Release|Any CPU.Build.0 = Release|Any CPU
	EndGlobalSection
	GlobalSection(SolutionProperties) = preSolution
		HideSolutionNode = FALSE
	EndGlobalSection
		GlobalSection(MonoDevelopProperties) = preSolution
		StartupItem = Assembly-CSharp.csproj
		Policies = $0
		$0.TextStylePolicy = $1
		$1.inheritsSet = null
		$1.scope = text/x-csharp
		$0.CSharpFormattingPolicy = $2
		$2.inheritsSet = Mono
		$2.inheritsScope = text/x-csharp
		$2.scope = text/x-csharp
		$0.TextStylePolicy = $3
		$3.FileWidth = 120
		$3.TabWidth = 4
		$3.EolMarker = Unix
		$3.inheritsSet = Mono
		$3.inheritsScope = text/plain
		$3.scope = text/plain
	EndGlobalSection

EndGlobal
