Microsoft Visual Studio Solution File, Format Version 11.00
# Visual Studio 2008

Project("{AB3265F1-282F-3FFB-D6A1-152D96127327}") = "DarkWonder", "Assembly-CSharp-firstpass.csproj", "{810FD8E2-0397-D50B-C4E7-87AB0265A7BD}"
EndProject
Project("{AB3265F1-282F-3FFB-D6A1-152D96127327}") = "DarkWonder", "Assembly-CSharp.csproj", "{C6B0667C-E11F-D34C-D03F-F2692CE8413E}"
EndProject
Project("{AB3265F1-282F-3FFB-D6A1-152D96127327}") = "DarkWonder", "Assembly-CSharp-Editor.csproj", "{D7B94625-EF4A-25DB-AEE9-AC333A5B72B0}"
EndProject
Project("{AB3265F1-282F-3FFB-D6A1-152D96127327}") = "DarkWonder", "Assembly-UnityScript-firstpass.unityproj", "{5754A332-1668-8E23-6F0B-E0AF86E0B060}"
EndProject
Project("{AB3265F1-282F-3FFB-D6A1-152D96127327}") = "DarkWonder", "Assembly-UnityScript.unityproj", "{B1BCD841-5141-E3F2-CAEF-40B9D1A71D4D}"
EndProject
Project("{AB3265F1-282F-3FFB-D6A1-152D96127327}") = "DarkWonder", "Assembly-UnityScript-Editor.unityproj", "{837CE910-3D97-7187-FEED-3CAF9DA609D3}"
EndProject
Global
	GlobalSection(SolutionConfigurationPlatforms) = preSolution
		Debug|Any CPU = Debug|Any CPU
		Release|Any CPU = Release|Any CPU
	EndGlobalSection
	GlobalSection(ProjectConfigurationPlatforms) = postSolution
		{810FD8E2-0397-D50B-C4E7-87AB0265A7BD}.Debug|Any CPU.ActiveCfg = Debug|Any CPU
		{810FD8E2-0397-D50B-C4E7-87AB0265A7BD}.Debug|Any CPU.Build.0 = Debug|Any CPU
		{810FD8E2-0397-D50B-C4E7-87AB0265A7BD}.Release|Any CPU.ActiveCfg = Release|Any CPU
		{810FD8E2-0397-D50B-C4E7-87AB0265A7BD}.Release|Any CPU.Build.0 = Release|Any CPU
		{C6B0667C-E11F-D34C-D03F-F2692CE8413E}.Debug|Any CPU.ActiveCfg = Debug|Any CPU
		{C6B0667C-E11F-D34C-D03F-F2692CE8413E}.Debug|Any CPU.Build.0 = Debug|Any CPU
		{C6B0667C-E11F-D34C-D03F-F2692CE8413E}.Release|Any CPU.ActiveCfg = Release|Any CPU
		{C6B0667C-E11F-D34C-D03F-F2692CE8413E}.Release|Any CPU.Build.0 = Release|Any CPU
		{D7B94625-EF4A-25DB-AEE9-AC333A5B72B0}.Debug|Any CPU.ActiveCfg = Debug|Any CPU
		{D7B94625-EF4A-25DB-AEE9-AC333A5B72B0}.Debug|Any CPU.Build.0 = Debug|Any CPU
		{D7B94625-EF4A-25DB-AEE9-AC333A5B72B0}.Release|Any CPU.ActiveCfg = Release|Any CPU
		{D7B94625-EF4A-25DB-AEE9-AC333A5B72B0}.Release|Any CPU.Build.0 = Release|Any CPU
		{5754A332-1668-8E23-6F0B-E0AF86E0B060}.Debug|Any CPU.ActiveCfg = Debug|Any CPU
		{5754A332-1668-8E23-6F0B-E0AF86E0B060}.Debug|Any CPU.Build.0 = Debug|Any CPU
		{5754A332-1668-8E23-6F0B-E0AF86E0B060}.Release|Any CPU.ActiveCfg = Release|Any CPU
		{5754A332-1668-8E23-6F0B-E0AF86E0B060}.Release|Any CPU.Build.0 = Release|Any CPU
		{B1BCD841-5141-E3F2-CAEF-40B9D1A71D4D}.Debug|Any CPU.ActiveCfg = Debug|Any CPU
		{B1BCD841-5141-E3F2-CAEF-40B9D1A71D4D}.Debug|Any CPU.Build.0 = Debug|Any CPU
		{B1BCD841-5141-E3F2-CAEF-40B9D1A71D4D}.Release|Any CPU.ActiveCfg = Release|Any CPU
		{B1BCD841-5141-E3F2-CAEF-40B9D1A71D4D}.Release|Any CPU.Build.0 = Release|Any CPU
		{837CE910-3D97-7187-FEED-3CAF9DA609D3}.Debug|Any CPU.ActiveCfg = Debug|Any CPU
		{837CE910-3D97-7187-FEED-3CAF9DA609D3}.Debug|Any CPU.Build.0 = Debug|Any CPU
		{837CE910-3D97-7187-FEED-3CAF9DA609D3}.Release|Any CPU.ActiveCfg = Release|Any CPU
		{837CE910-3D97-7187-FEED-3CAF9DA609D3}.Release|Any CPU.Build.0 = Release|Any CPU
	EndGlobalSection
	GlobalSection(SolutionProperties) = preSolution
		HideSolutionNode = FALSE
	EndGlobalSection
																																									GlobalSection(MonoDevelopProperties) = preSolution
		StartupItem = Assembly-CSharp.csproj
		Policies = $0
		$0.TextStylePolicy = $1
		$1.inheritsSet = null
		$1.scope = text/x-csharp
		$0.CSharpFormattingPolicy = $2
		$2.inheritsSet = Mono
		$2.inheritsScope = text/x-csharp
		$2.scope = text/x-csharp
		$0.TextStylePolicy = $3
		$3.FileWidth = 120
		$3.TabWidth = 4
		$3.EolMarker = Unix
		$3.inheritsSet = Mono
		$3.inheritsScope = text/plain
		$3.scope = text/plain
	EndGlobalSection

EndGlobal
